
Microsoft Visual Studio Solution File, Format Version 12.00
# Visual Studio 15
VisualStudioVersion = 15.0.28307.1525
MinimumVisualStudioVersion = 10.0.40219.1
Project("{FAE04EC0-301F-11D3-BF4B-00C04F79EFBC}") = "StoreFront.UI.MVC", "StoreFront.UI.MVC\StoreFront.UI.MVC.csproj", "{DD1CADE1-8E66-476B-8E72-916D07B8A9CA}"
EndProject
Global
	GlobalSection(SolutionConfigurationPlatforms) = preSolution
		Debug|Any CPU = Debug|Any CPU
		Release|Any CPU = Release|Any CPU
	EndGlobalSection
	GlobalSection(ProjectConfigurationPlatforms) = postSolution
		{DD1CADE1-8E66-476B-8E72-916D07B8A9CA}.Debug|Any CPU.ActiveCfg = Debug|Any CPU
		{DD1CADE1-8E66-476B-8E72-916D07B8A9CA}.Debug|Any CPU.Build.0 = Debug|Any CPU
		{DD1CADE1-8E66-476B-8E72-916D07B8A9CA}.Release|Any CPU.ActiveCfg = Release|Any CPU
		{DD1CADE1-8E66-476B-8E72-916D07B8A9CA}.Release|Any CPU.Build.0 = Release|Any CPU
	EndGlobalSection
	GlobalSection(SolutionProperties) = preSolution
		HideSolutionNode = FALSE
	EndGlobalSection
	GlobalSection(ExtensibilityGlobals) = postSolution
		SolutionGuid = {397D4B25-DC56-4343-ACD5-1EACAE6B25A0}
	EndGlobalSection
EndGlobal
